github.com/Comcast/goint v0.0.0-20160331154011-38be0f9824d5 h1:0CMIuBR1+jslJsSG95ea3YnYEWkjwMKmvTzty2+BukY=
github.com/Comcast/goint v0.0.0-20160331154011-38be0f9824d5/go.mod h1:nrYhCL2GwfW8WrvxI9xQKjP5d1b5K9H4nDHnpEnEM3k=
github.com/Shopify/zk v1.0.3-0.20220719203644-c288dbce4ae4 h1:F0OMqTM6wHMlTE0XhiTxTbv0O78/+Tg/nUggWH009JQ=
github.com/Shopify/zk v1.0.3-0.20220719203644-c288dbce4ae4/go.mod h1:ptWTCHsN1KHPshaRuV9KaPEL/+Vv3fyWaQ/OcadaFQ4=
github.com/go-zookeeper/zk v1.0.2/go.mod h1:nOB03cncLtlp4t+UAkGSV+9beXP/akpekBwL+UX1Qcw=
golang.org/x/net v0.0.0-20211208012354-db4efeb81f4b/go.mod h1:9nx3DQGgdP8bBQD5qxJ1jj9UTztislL4KSBs9R2vV5Y=
golang.org/x/sys v0.0.0-20201119102817-f84b799fce68/go.mod h1:h1NjWce9XRLGQEsW7wpKNCjG9DtNlClVuFLEZdDNbEs=
golang.org/x/sys v0.0.0-20210423082822-04245dca01da/go.mod h1:h1NjWce9XRLGQEsW7wpKNCjG9DtNlClVuFLEZdDNbEs=
golang.org/x/term v0.0.0-20201126162022-7de9c90e9dd1/go.mod h1:bj7SfCRtBDWHUb9snDiAeCFNEtKQo2Wmx5Cou7ajbmo=
golang.org/x/text v0.3.6/go.mod h1:5Zoc/QRtKVWzQhOtBMvqHzDpF6irO9z98xDceosuGiQ=
golang.org/x/tools v0.0.0-20180917221912-90fa682c2a6e/go.mod h1:n7NCudcB/nEzxVGmLbDWY5pfWTLqBcC2KZ6jyYvM4mQ=
